// !$*UTF8*$!
{
	archiveVersion = 1;
	classes = {
	};
	objectVersion = 50;
	objects = {

/* Begin PBXBuildFile section */
		8FEFF2FD20C79D6600C131EF /* AppDelegate.swift in Sources */ = {isa = PBXBuildFile; fileRef = 8FEFF2FC20C79D6600C131EF /* AppDelegate.swift */; };
		8FEFF2FF20C79D6600C131EF /* ViewController.swift in Sources */ = {isa = PBXBuildFile; fileRef = 8FEFF2FE20C79D6600C131EF /* ViewController.swift */; };
		8FEFF30220C79D6600C131EF /* Main.storyboard in Resources */ = {isa = PBXBuildFile; fileRef = 8FEFF30020C79D6600C131EF /* Main.storyboard */; };
		8FEFF30420C79D6900C131EF /* Assets.xcassets in Resources */ = {isa = PBXBuildFile; fileRef = 8FEFF30320C79D6900C131EF /* Assets.xcassets */; };
		8FEFF30720C79D6900C131EF /* LaunchScreen.storyboard in Resources */ = {isa = PBXBuildFile; fileRef = 8FEFF30520C79D6900C131EF /* LaunchScreen.storyboard */; };
/* End PBXBuildFile section */

/* Begin PBXFileReference section */
		8FEFF2F920C79D6600C131EF /* SSISPuzzle2018.app */ = {isa = PBXFileReference; explicitFileType = wrapper.application; includeInIndex = 0; path = SSISPuzzle2018.app; sourceTree = BUILT_PRODUCTS_DIR; };
		8FEFF2FC20C79D6600C131EF /* AppDelegate.swift */ = {isa = PBXFileReference; lastKnownFileType = sourcecode.swift; path = AppDelegate.swift; sourceTree = "<group>"; };
		8FEFF2FE20C79D6600C131EF /* ViewController.swift */ = {isa = PBXFileReference; lastKnownFileType = sourcecode.swift; path = ViewController.swift; sourceTree = "<group>"; };
		8FEFF30120C79D6600C131EF /* Base */ = {isa = PBXFileReference; lastKnownFileType = file.storyboard; name = Base; path = Base.lproj/Main.storyboard; sourceTree = "<group>"; };
		8FEFF30320C79D6900C131EF /* Assets.xcassets */ = {isa = PBXFileReference; lastKnownFileType = folder.assetcatalog; path = Assets.xcassets; sourceTree = "<group>"; };
		8FEFF30620C79D6900C131EF /* Base */ = {isa = PBXFileReference; lastKnownFileType = file.storyboard; name = Base; path = Base.lproj/LaunchScreen.storyboard; sourceTree = "<group>"; };
		8FEFF30820C79D6900C131EF /* Info.plist */ = {isa = PBXFileReference; lastKnownFileType = text.plist.xml; path = Info.plist; sourceTree = "<group>"; };
/* End PBXFileReference section */

/* Begin PBXFrameworksBuildPhase section */
		8FEFF2F620C79D6600C131EF /* Frameworks */ = {
			isa = PBXFrameworksBuildPhase;
			buildActionMask = 2147483647;
			files = (
			);
			runOnlyForDeploymentPostprocessing = 0;
		};
/* End PBXFrameworksBuildPhase section */

/* Begin PBXGroup section */
		8FEFF2F020C79D6600C131EF = {
			isa = PBXGroup;
			children = (
				8FEFF2FB20C79D6600C131EF /* SSISPuzzle2018 */,
				8FEFF2FA20C79D6600C131EF /* Products */,
			);
			sourceTree = "<group>";
		};
		8FEFF2FA20C79D6600C131EF /* Products */ = {
			isa = PBXGroup;
			children = (
				8FEFF2F920C79D6600C131EF /* SSISPuzzle2018.app */,
			);
			name = Products;
			sourceTree = "<group>";
		};
		8FEFF2FB20C79D6600C131EF /* SSISPuzzle2018 */ = {
			isa = PBXGroup;
			children = (
				8FEFF2FC20C79D6600C131EF /* AppDelegate.swift */,
				8FEFF2FE20C79D6600C131EF /* ViewController.swift */,
				8FEFF30020C79D6600C131EF /* Main.storyboard */,
				8FEFF30320C79D6900C131EF /* Assets.xcassets */,
				8FEFF30520C79D6900C131EF /* LaunchScreen.storyboard */,
				8FEFF30820C79D6900C131EF /* Info.plist */,
			);
			path = SSISPuzzle2018;
			sourceTree = "<group>";
		};
/* End PBXGroup section */

/* Begin PBXNativeTarget section */
		8FEFF2F820C79D6600C131EF /* SSISPuzzle2018 */ = {
			isa = PBXNativeTarget;
			buildConfigurationList = 8FEFF30B20C79D6900C131EF /* Build configuration list for PBXNativeTarget "SSISPuzzle2018" */;
			buildPhases = (
				8FEFF2F520C79D6600C131EF /* Sources */,
				8FEFF2F620C79D6600C131EF /* Frameworks */,
				8FEFF2F720C79D6600C131EF /* Resources */,
			);
			buildRules = (
			);
			dependencies = (
			);
			name = SSISPuzzle2018;
			productName = SSISPuzzle2018;
			productReference = 8FEFF2F920C79D6600C131EF /* SSISPuzzle2018.app */;
			productType = "com.apple.product-type.application";
		};
/* End PBXNativeTarget section */

/* Begin PBXProject section */
		8FEFF2F120C79D6600C131EF /* Project object */ = {
			isa = PBXProject;
			attributes = {
				LastSwiftUpdateCheck = 0940;
				LastUpgradeCheck = 0940;
				ORGANIZATIONNAME = "Evan Weinberg";
				TargetAttributes = {
					8FEFF2F820C79D6600C131EF = {
						CreatedOnToolsVersion = 9.4;
					};
				};
			};
			buildConfigurationList = 8FEFF2F420C79D6600C131EF /* Build configuration list for PBXProject "SSISPuzzle2018" */;
			compatibilityVersion = "Xcode 9.3";
			developmentRegion = en;
			hasScannedForEncodings = 0;
			knownRegions = (
				en,
				Base,
			);
			mainGroup = 8FEFF2F020C79D6600C131EF;
			productRefGroup = 8FEFF2FA20C79D6600C131EF /* Products */;
			projectDirPath = "";
			projectRoot = "";
			targets = (
				8FEFF2F820C79D6600C131EF /* SSISPuzzle2018 */,
			);
		};
/* End PBXProject section */

/* Begin PBXResourcesBuildPhase section */
		8FEFF2F720C79D6600C131EF /* Resources */ = {
			isa = PBXResourcesBuildPhase;
			buildActionMask = 2147483647;
			files = (
				8FEFF30720C79D6900C131EF /* LaunchScreen.storyboard in Resources */,
				8FEFF30420C79D6900C131EF /* Assets.xcassets in Resources */,
				8FEFF30220C79D6600C131EF /* Main.storyboard in Resources */,
			);
			runOnlyForDeploymentPostprocessing = 0;
		};
/* End PBXResourcesBuildPhase section */

/* Begin PBXSourcesBuildPhase section */
		8FEFF2F520C79D6600C131EF /* Sources */ = {
			isa = PBXSourcesBuildPhase;
			buildActionMask = 2147483647;
			files = (
				8FEFF2FF20C79D6600C131EF /* ViewController.swift in Sources */,
				8FEFF2FD20C79D6600C131EF /* AppDelegate.swift in Sources */,
			);
			runOnlyForDeploymentPostprocessing = 0;
		};
/* End PBXSourcesBuildPhase section */

/* Begin PBXVariantGroup section */
		8FEFF30020C79D6600C131EF /* Main.storyboard */ = {
			isa = PBXVariantGroup;
			children = (
				8FEFF30120C79D6600C131EF /* Base */,
			);
			name = Main.storyboard;
			sourceTree = "<group>";
		};
		8FEFF30520C79D6900C131EF /* LaunchScreen.storyboard */ = {
			isa = PBXVariantGroup;
			children = (
				8FEFF30620C79D6900C131EF /* Base */,
			);
			name = LaunchScreen.storyboard;
			sourceTree = "<group>";
		};
/* End PBXVariantGroup section */

/* Begin XCBuildConfiguration section */
		8FEFF30920C79D6900C131EF /* Debug */ = {
			isa = XCBuildConfiguration;
			buildSettings = {
				ALWAYS_SEARCH_USER_PATHS = NO;
				CLANG_ANALYZER_NONNULL = YES;
				CLANG_ANALYZER_NUMBER_OBJECT_CONVERSION = YES_AGGRESSIVE;
				CLANG_CXX_LANGUAGE_STANDARD = "gnu++14";
				CLANG_CXX_LIBRARY = "libc++";
				CLANG_ENABLE_MODULES = YES;
				CLANG_ENABLE_OBJC_ARC = YES;
				CLANG_ENABLE_OBJC_WEAK = YES;
				CLANG_WARN_BLOCK_CAPTURE_AUTORELEASING = YES;
				CLANG_WARN_BOOL_CONVERSION = YES;
				CLANG_WARN_COMMA = YES;
				CLANG_WARN_CONSTANT_CONVERSION = YES;
				CLANG_WARN_DEPRECATED_OBJC_IMPLEMENTATIONS = YES;
				CLANG_WARN_DIRECT_OBJC_ISA_USAGE = YES_ERROR;
				CLANG_WARN_DOCUMENTATION_COMMENTS = YES;
				CLANG_WARN_EMPTY_BODY = YES;
				CLANG_WARN_ENUM_CONVERSION = YES;
				CLANG_WARN_INFINITE_RECURSION = YES;
				CLANG_WARN_INT_CONVERSION = YES;
				CLANG_WARN_NON_LITERAL_NULL_CONVERSION = YES;
				CLANG_WARN_OBJC_IMPLICIT_RETAIN_SELF = YES;
				CLANG_WARN_OBJC_LITERAL_CONVERSION = YES;
				CLANG_WARN_OBJC_ROOT_CLASS = YES_ERROR;
				CLANG_WARN_RANGE_LOOP_ANALYSIS = YES;
				CLANG_WARN_STRICT_PROTOTYPES = YES;
				CLANG_WARN_SUSPICIOUS_MOVE = YES;
				CLANG_WARN_UNGUARDED_AVAILABILITY = YES_AGGRESSIVE;
				CLANG_WARN_UNREACHABLE_CODE = YES;
				CLANG_WARN__DUPLICATE_METHOD_MATCH = YES;
				CODE_SIGN_IDENTITY = "iPhone Developer";
				COPY_PHASE_STRIP = NO;
				DEBUG_INFORMATION_FORMAT = dwarf;
				ENABLE_STRICT_OBJC_MSGSEND = YES;
				ENABLE_TESTABILITY = YES;
				GCC_C_LANGUAGE_STANDARD = gnu11;
				GCC_DYNAMIC_NO_PIC = NO;
				GCC_NO_COMMON_BLOCKS = YES;
				GCC_OPTIMIZATION_LEVEL = 0;
				GCC_PREPROCESSOR_DEFINITIONS = (
					"DEBUG=1",
					"$(inherited)",
				);
				GCC_WARN_64_TO_32_BIT_CONVERSION = YES;
				GCC_WARN_ABOUT_RETURN_TYPE = YES_ERROR;
				GCC_WARN_UNDECLARED_SELECTOR = YES;
				GCC_WARN_UNINITIALIZED_AUTOS = YES_AGGRESSIVE;
				GCC_WARN_UNUSED_FUNCTION = YES;
				GCC_WARN_UNUSED_VARIABLE = YES;
				IPHONEOS_DEPLOYMENT_TARGET = 11.4;
				MTL_ENABLE_DEBUG_INFO = YES;
				ONLY_ACTIVE_ARCH = YES;
				SDKROOT = iphoneos;
				SWIFT_ACTIVE_COMPILATION_CONDITIONS = DEBUG;
				SWIFT_OPTIMIZATION_LEVEL = "-Onone";
			};
			name = Debug;
		};
		8FEFF30A20C79D6900C131EF /* Release */ = {
			isa = XCBuildConfiguration;
			buildSettings = {
				ALWAYS_SEARCH_USER_PATHS = NO;
				CLANG_ANALYZER_NONNULL = YES;
				CLANG_ANALYZER_NUMBER_OBJECT_CONVERSION = YES_AGGRESSIVE;
				CLANG_CXX_LANGUAGE_STANDARD = "gnu++14";
				CLANG_CXX_LIBRARY = "libc++";
				CLANG_ENABLE_MODULES = YES;
				CLANG_ENABLE_OBJC_ARC = YES;
				CLANG_ENABLE_OBJC_WEAK = YES;
				CLANG_WARN_BLOCK_CAPTURE_AUTORELEASING = YES;
				CLANG_WARN_BOOL_CONVERSION = YES;
				CLANG_WARN_COMMA = YES;
				CLANG_WARN_CONSTANT_CONVERSION = YES;
				CLANG_WARN_DEPRECATED_OBJC_IMPLEMENTATIONS = YES;
				CLANG_WARN_DIRECT_OBJC_ISA_USAGE = YES_ERROR;
				CLANG_WARN_DOCUMENTATION_COMMENTS = YES;
				CLANG_WARN_EMPTY_BODY = YES;
				CLANG_WARN_ENUM_CONVERSION = YES;
				CLANG_WARN_INFINITE_RECURSION = YES;
				CLANG_WARN_INT_CONVERSION = YES;
				CLANG_WARN_NON_LITERAL_NULL_CONVERSION = YES;
				CLANG_WARN_OBJC_IMPLICIT_RETAIN_SELF = YES;
				CLANG_WARN_OBJC_LITERAL_CONVERSION = YES;
				CLANG_WARN_OBJC_ROOT_CLASS = YES_ERROR;
				CLANG_WARN_RANGE_LOOP_ANALYSIS = YES;
				CLANG_WARN_STRICT_PROTOTYPES = YES;
				CLANG_WARN_SUSPICIOUS_MOVE = YES;
				CLANG_WARN_UNGUARDED_AVAILABILITY = YES_AGGRESSIVE;
				CLANG_WARN_UNREACHABLE_CODE = YES;
				CLANG_WARN__DUPLICATE_METHOD_MATCH = YES;
				CODE_SIGN_IDENTITY = "iPhone Developer";
				COPY_PHASE_STRIP = NO;
				DEBUG_INFORMATION_FORMAT = "dwarf-with-dsym";
				ENABLE_NS_ASSERTIONS = NO;
				ENABLE_STRICT_OBJC_MSGSEND = YES;
				GCC_C_LANGUAGE_STANDARD = gnu11;
				GCC_NO_COMMON_BLOCKS = YES;
				GCC_WARN_64_TO_32_BIT_CONVERSION = YES;
				GCC_WARN_ABOUT_RETURN_TYPE = YES_ERROR;
				GCC_WARN_UNDECLARED_SELECTOR = YES;
				GCC_WARN_UNINITIALIZED_AUTOS = YES_AGGRESSIVE;
				GCC_WARN_UNUSED_FUNCTION = YES;
				GCC_WARN_UNUSED_VARIABLE = YES;
				IPHONEOS_DEPLOYMENT_TARGET = 11.4;
				MTL_ENABLE_DEBUG_INFO = NO;
				SDKROOT = iphoneos;
				SWIFT_COMPILATION_MODE = wholemodule;
				SWIFT_OPTIMIZATION_LEVEL = "-O";
				VALIDATE_PRODUCT = YES;
			};
			name = Release;
		};
		8FEFF30C20C79D6900C131EF /* Debug */ = {
			isa = XCBuildConfiguration;
			buildSettings = {
				ASSETCATALOG_COMPILER_APPICON_NAME = AppIcon;
				CODE_SIGN_STYLE = Automatic;
				DEVELOPMENT_TEAM = L535VE8CNC;
				INFOPLIST_FILE = SSISPuzzle2018/Info.plist;
				LD_RUNPATH_SEARCH_PATHS = (
					"$(inherited)",
					"@executable_path/Frameworks",
				);
				PRODUCT_BUNDLE_IDENTIFIER = EMW.SSISPuzzle2018;
				PRODUCT_NAME = "$(TARGET_NAME)";
				SWIFT_VERSION = 4.0;
				TARGETED_DEVICE_FAMILY = "1,2";
			};
			name = Debug;
		};
		8FEFF30D20C79D6900C131EF /* Release */ = {
			isa = XCBuildConfiguration;
			buildSettings = {
				ASSETCATALOG_COMPILER_APPICON_NAME = AppIcon;
				CODE_SIGN_STYLE = Automatic;
				DEVELOPMENT_TEAM = L535VE8CNC;
				INFOPLIST_FILE = SSISPuzzle2018/Info.plist;
				LD_RUNPATH_SEARCH_PATHS = (
					"$(inherited)",
					"@executable_path/Frameworks",
				);
				PRODUCT_BUNDLE_IDENTIFIER = EMW.SSISPuzzle2018;
				PRODUCT_NAME = "$(TARGET_NAME)";
				SWIFT_VERSION = 4.0;
				TARGETED_DEVICE_FAMILY = "1,2";
			};
			name = Release;
		};
/* End XCBuildConfiguration section */

/* Begin XCConfigurationList section */
		8FEFF2F420C79D6600C131EF /* Build configuration list for PBXProject "SSISPuzzle2018" */ = {
			isa = XCConfigurationList;
			buildConfigurations = (
				8FEFF30920C79D6900C131EF /* Debug */,
				8FEFF30A20C79D6900C131EF /* Release */,
			);
			defaultConfigurationIsVisible = 0;
			defaultConfigurationName = Release;
		};
		8FEFF30B20C79D6900C131EF /* Build configuration list for PBXNativeTarget "SSISPuzzle2018" */ = {
			isa = XCConfigurationList;
			buildConfigurations = (
				8FEFF30C20C79D6900C131EF /* Debug */,
				8FEFF30D20C79D6900C131EF /* Release */,
			);
			defaultConfigurationIsVisible = 0;
			defaultConfigurationName = Release;
		};
/* End XCConfigurationList section */
	};
	rootObject = 8FEFF2F120C79D6600C131EF /* Project object */;
}
